
Microsoft Visual Studio Solution File, Format Version 12.00
# Visual Studio 15
VisualStudioVersion = 15.0.28010.2019
MinimumVisualStudioVersion = 10.0.40219.1
Project("{FAE04EC0-301F-11D3-BF4B-00C04F79EFBC}") = "ClientAzure", "ClientAzure\ClientAzure.csproj", "{5939CBBD-1F49-4519-A53B-BA77766B1E89}"
EndProject
Project("{FAE04EC0-301F-11D3-BF4B-00C04F79EFBC}") = "ListenerAzure", "ServerAzure\ListenerAzure.csproj", "{90431608-06CA-4B31-BC3C-D64E7403FD7D}"
EndProject
Global
	GlobalSection(SolutionConfigurationPlatforms) = preSolution
		Debug|Any CPU = Debug|Any CPU
		Release|Any CPU = Release|Any CPU
	EndGlobalSection
	GlobalSection(ProjectConfigurationPlatforms) = postSolution
		{5939CBBD-1F49-4519-A53B-BA77766B1E89}.Debug|Any CPU.ActiveCfg = Debug|Any CPU
		{5939CBBD-1F49-4519-A53B-BA77766B1E89}.Debug|Any CPU.Build.0 = Debug|Any CPU
		{5939CBBD-1F49-4519-A53B-BA77766B1E89}.Release|Any CPU.ActiveCfg = Release|Any CPU
		{5939CBBD-1F49-4519-A53B-BA77766B1E89}.Release|Any CPU.Build.0 = Release|Any CPU
		{90431608-06CA-4B31-BC3C-D64E7403FD7D}.Debug|Any CPU.ActiveCfg = Debug|Any CPU
		{90431608-06CA-4B31-BC3C-D64E7403FD7D}.Debug|Any CPU.Build.0 = Debug|Any CPU
		{90431608-06CA-4B31-BC3C-D64E7403FD7D}.Release|Any CPU.ActiveCfg = Release|Any CPU
		{90431608-06CA-4B31-BC3C-D64E7403FD7D}.Release|Any CPU.Build.0 = Release|Any CPU
	EndGlobalSection
	GlobalSection(SolutionProperties) = preSolution
		HideSolutionNode = FALSE
	EndGlobalSection
	GlobalSection(ExtensibilityGlobals) = postSolution
		SolutionGuid = {921EBCF4-516E-4566-95EB-8E0EB4195A0C}
	EndGlobalSection
EndGlobal
